
Microsoft Visual Studio Solution File, Format Version 12.00
# Visual Studio Version 17
VisualStudioVersion = 17.10.35013.160
MinimumVisualStudioVersion = 10.0.40219.1
Project("{FAE04EC0-301F-11D3-BF4B-00C04F79EFBC}") = "VueAppSample.Server", "VueAppSample.Server\VueAppSample.Server.csproj", "{D7440B29-AB4F-4E44-9FF6-CEC6D9DFCCA2}"
EndProject
Project("{54A90642-561A-4BB1-A94E-469ADEE60C69}") = "vueappsample.client", "vueappsample.client\vueappsample.client.esproj", "{B7E8985D-1B39-4274-82A2-2C8D950A857F}"
EndProject
Global
	GlobalSection(SolutionConfigurationPlatforms) = preSolution
		Debug|Any CPU = Debug|Any CPU
		Release|Any CPU = Release|Any CPU
	EndGlobalSection
	GlobalSection(ProjectConfigurationPlatforms) = postSolution
		{D7440B29-AB4F-4E44-9FF6-CEC6D9DFCCA2}.Debug|Any CPU.ActiveCfg = Debug|Any CPU
		{D7440B29-AB4F-4E44-9FF6-CEC6D9DFCCA2}.Debug|Any CPU.Build.0 = Debug|Any CPU
		{D7440B29-AB4F-4E44-9FF6-CEC6D9DFCCA2}.Release|Any CPU.ActiveCfg = Release|Any CPU
		{D7440B29-AB4F-4E44-9FF6-CEC6D9DFCCA2}.Release|Any CPU.Build.0 = Release|Any CPU
		{B7E8985D-1B39-4274-82A2-2C8D950A857F}.Debug|Any CPU.ActiveCfg = Debug|Any CPU
		{B7E8985D-1B39-4274-82A2-2C8D950A857F}.Debug|Any CPU.Build.0 = Debug|Any CPU
		{B7E8985D-1B39-4274-82A2-2C8D950A857F}.Debug|Any CPU.Deploy.0 = Debug|Any CPU
		{B7E8985D-1B39-4274-82A2-2C8D950A857F}.Release|Any CPU.ActiveCfg = Release|Any CPU
		{B7E8985D-1B39-4274-82A2-2C8D950A857F}.Release|Any CPU.Build.0 = Release|Any CPU
		{B7E8985D-1B39-4274-82A2-2C8D950A857F}.Release|Any CPU.Deploy.0 = Release|Any CPU
	EndGlobalSection
	GlobalSection(SolutionProperties) = preSolution
		HideSolutionNode = FALSE
	EndGlobalSection
	GlobalSection(ExtensibilityGlobals) = postSolution
		SolutionGuid = {80BC22E5-D89D-49CB-970E-802697FFD238}
	EndGlobalSection
EndGlobal
